
Microsoft Visual Studio Solution File, Format Version 12.00
# Visual Studio Version 16
VisualStudioVersion = 16.0.30621.155
MinimumVisualStudioVersion = 10.0.40219.1
Project("{9A19103F-16F7-4668-BE54-9A1E7A4F7556}") = "FlatOut2MusicManager", "FlatOut2MusicManager\FlatOut2MusicManager.csproj", "{B0734F9D-B30B-4CBA-A71F-3CD10CD46AC5}"
EndProject
Global
	GlobalSection(SolutionConfigurationPlatforms) = preSolution
		Debug|Any CPU = Debug|Any CPU
		Release|Any CPU = Release|Any CPU
	EndGlobalSection
	GlobalSection(ProjectConfigurationPlatforms) = postSolution
		{B0734F9D-B30B-4CBA-A71F-3CD10CD46AC5}.Debug|Any CPU.ActiveCfg = Debug|Any CPU
		{B0734F9D-B30B-4CBA-A71F-3CD10CD46AC5}.Debug|Any CPU.Build.0 = Debug|Any CPU
		{B0734F9D-B30B-4CBA-A71F-3CD10CD46AC5}.Release|Any CPU.ActiveCfg = Release|Any CPU
		{B0734F9D-B30B-4CBA-A71F-3CD10CD46AC5}.Release|Any CPU.Build.0 = Release|Any CPU
	EndGlobalSection
	GlobalSection(SolutionProperties) = preSolution
		HideSolutionNode = FALSE
	EndGlobalSection
	GlobalSection(ExtensibilityGlobals) = postSolution
		SolutionGuid = {1AF43CD2-9738-455D-8274-C2C5447F8447}
	EndGlobalSection
EndGlobal
